// !$*UTF8*$!
{
	archiveVersion = 1;
	classes = {
	};
	objectVersion = 50;
	objects = {

/* Begin PBXBuildFile section */
		35CDCAF424C0FCD8003B6355 /* AppDelegate.swift in Sources */ = {isa = PBXBuildFile; fileRef = 35CDCAF324C0FCD8003B6355 /* AppDelegate.swift */; };
		35CDCAF624C0FCD8003B6355 /* SceneDelegate.swift in Sources */ = {isa = PBXBuildFile; fileRef = 35CDCAF524C0FCD8003B6355 /* SceneDelegate.swift */; };
		35CDCB0024C0FCDA003B6355 /* LaunchScreen.storyboard in Resources */ = {isa = PBXBuildFile; fileRef = 35CDCAFE24C0FCDA003B6355 /* LaunchScreen.storyboard */; };
		35CDCB0B24C0FCDB003B6355 /* _0200716_JacobHaff_NYCSchoolsTests.swift in Sources */ = {isa = PBXBuildFile; fileRef = 35CDCB0A24C0FCDB003B6355 /* _0200716_JacobHaff_NYCSchoolsTests.swift */; };
		35CDCB1624C0FCDB003B6355 /* _0200716_JacobHaff_NYCSchoolsUITests.swift in Sources */ = {isa = PBXBuildFile; fileRef = 35CDCB1524C0FCDB003B6355 /* _0200716_JacobHaff_NYCSchoolsUITests.swift */; };
		35CDCB2724C10308003B6355 /* Main.storyboard in Resources */ = {isa = PBXBuildFile; fileRef = 35CDCB2524C10308003B6355 /* Main.storyboard */; };
		35CDCB2D24C1081E003B6355 /* Assets.xcassets in Resources */ = {isa = PBXBuildFile; fileRef = 35CDCB2C24C1081E003B6355 /* Assets.xcassets */; };
		35CDCB3124C12D49003B6355 /* NYCHSViewController.swift in Sources */ = {isa = PBXBuildFile; fileRef = 35CDCB3024C12D49003B6355 /* NYCHSViewController.swift */; };
		35CDCB3324C12E1A003B6355 /* Constants.swift in Sources */ = {isa = PBXBuildFile; fileRef = 35CDCB3224C12E1A003B6355 /* Constants.swift */; };
		35CDCB3524C12E3F003B6355 /* NYCHighSchool.swift in Sources */ = {isa = PBXBuildFile; fileRef = 35CDCB3424C12E3F003B6355 /* NYCHighSchool.swift */; };
		35CDCB3724C12E62003B6355 /* Utils.swift in Sources */ = {isa = PBXBuildFile; fileRef = 35CDCB3624C12E62003B6355 /* Utils.swift */; };
		35CDCB3E24C4D402003B6355 /* Router.swift in Sources */ = {isa = PBXBuildFile; fileRef = 35CDCB3D24C4D402003B6355 /* Router.swift */; };
		35CDCB4024C4DC8C003B6355 /* ServiceLayer.swift in Sources */ = {isa = PBXBuildFile; fileRef = 35CDCB3F24C4DC8C003B6355 /* ServiceLayer.swift */; };
		35CDCB4324C514BD003B6355 /* Extensions.swift in Sources */ = {isa = PBXBuildFile; fileRef = 35CDCB4224C514BD003B6355 /* Extensions.swift */; };
		35CDCB4624C5301D003B6355 /* SchoolCell.swift in Sources */ = {isa = PBXBuildFile; fileRef = 35CDCB4424C5301D003B6355 /* SchoolCell.swift */; };
		35CDCB4724C5301D003B6355 /* SchoolCell.xib in Resources */ = {isa = PBXBuildFile; fileRef = 35CDCB4524C5301D003B6355 /* SchoolCell.xib */; };
		35CDCB4924C542F0003B6355 /* DetailsViewController.swift in Sources */ = {isa = PBXBuildFile; fileRef = 35CDCB4824C542F0003B6355 /* DetailsViewController.swift */; };
		35CDCB4B24C544A3003B6355 /* HSOverviewTableViewCell.swift in Sources */ = {isa = PBXBuildFile; fileRef = 35CDCB4A24C544A3003B6355 /* HSOverviewTableViewCell.swift */; };
		35CDCB4D24C544FC003B6355 /* HSContactTableViewCell.swift in Sources */ = {isa = PBXBuildFile; fileRef = 35CDCB4C24C544FC003B6355 /* HSContactTableViewCell.swift */; };
		35CDCB4F24C545F7003B6355 /* HSNameTableViewCell.swift in Sources */ = {isa = PBXBuildFile; fileRef = 35CDCB4E24C545F7003B6355 /* HSNameTableViewCell.swift */; };
		35CDCB5124C546BF003B6355 /* HSMapTableViewCell.swift in Sources */ = {isa = PBXBuildFile; fileRef = 35CDCB5024C546BF003B6355 /* HSMapTableViewCell.swift */; };
		35CDCB5324C55AB5003B6355 /* DetailCellsHelper.swift in Sources */ = {isa = PBXBuildFile; fileRef = 35CDCB5224C55AB5003B6355 /* DetailCellsHelper.swift */; };
		35CDCB5524C5D7C6003B6355 /* HSSATScoresTableViewCell.swift in Sources */ = {isa = PBXBuildFile; fileRef = 35CDCB5424C5D7C6003B6355 /* HSSATScoresTableViewCell.swift */; };
/* End PBXBuildFile section */

/* Begin PBXContainerItemProxy section */
		35CDCB0724C0FCDB003B6355 /* PBXContainerItemProxy */ = {
			isa = PBXContainerItemProxy;
			containerPortal = 35CDCAE824C0FCD8003B6355 /* Project object */;
			proxyType = 1;
			remoteGlobalIDString = 35CDCAEF24C0FCD8003B6355;
			remoteInfo = "20200716-JacobHaff-NYCSchools";
		};
		35CDCB1224C0FCDB003B6355 /* PBXContainerItemProxy */ = {
			isa = PBXContainerItemProxy;
			containerPortal = 35CDCAE824C0FCD8003B6355 /* Project object */;
			proxyType = 1;
			remoteGlobalIDString = 35CDCAEF24C0FCD8003B6355;
			remoteInfo = "20200716-JacobHaff-NYCSchools";
		};
/* End PBXContainerItemProxy section */

/* Begin PBXFileReference section */
		35CDCAF024C0FCD8003B6355 /* 20200716-JacobHaff-NYCSchools.app */ = {isa = PBXFileReference; explicitFileType = wrapper.application; includeInIndex = 0; path = "20200716-JacobHaff-NYCSchools.app"; sourceTree = BUILT_PRODUCTS_DIR; };
		35CDCAF324C0FCD8003B6355 /* AppDelegate.swift */ = {isa = PBXFileReference; lastKnownFileType = sourcecode.swift; path = AppDelegate.swift; sourceTree = "<group>"; };
		35CDCAF524C0FCD8003B6355 /* SceneDelegate.swift */ = {isa = PBXFileReference; lastKnownFileType = sourcecode.swift; path = SceneDelegate.swift; sourceTree = "<group>"; };
		35CDCAFF24C0FCDA003B6355 /* Base */ = {isa = PBXFileReference; lastKnownFileType = file.storyboard; name = Base; path = Base.lproj/LaunchScreen.storyboard; sourceTree = "<group>"; };
		35CDCB0124C0FCDA003B6355 /* Info.plist */ = {isa = PBXFileReference; lastKnownFileType = text.plist.xml; path = Info.plist; sourceTree = "<group>"; };
		35CDCB0624C0FCDB003B6355 /* 20200716-JacobHaff-NYCSchoolsTests.xctest */ = {isa = PBXFileReference; explicitFileType = wrapper.cfbundle; includeInIndex = 0; path = "20200716-JacobHaff-NYCSchoolsTests.xctest"; sourceTree = BUILT_PRODUCTS_DIR; };
		35CDCB0A24C0FCDB003B6355 /* _0200716_JacobHaff_NYCSchoolsTests.swift */ = {isa = PBXFileReference; lastKnownFileType = sourcecode.swift; path = _0200716_JacobHaff_NYCSchoolsTests.swift; sourceTree = "<group>"; };
		35CDCB0C24C0FCDB003B6355 /* Info.plist */ = {isa = PBXFileReference; lastKnownFileType = text.plist.xml; path = Info.plist; sourceTree = "<group>"; };
		35CDCB1124C0FCDB003B6355 /* 20200716-JacobHaff-NYCSchoolsUITests.xctest */ = {isa = PBXFileReference; explicitFileType = wrapper.cfbundle; includeInIndex = 0; path = "20200716-JacobHaff-NYCSchoolsUITests.xctest"; sourceTree = BUILT_PRODUCTS_DIR; };
		35CDCB1524C0FCDB003B6355 /* _0200716_JacobHaff_NYCSchoolsUITests.swift */ = {isa = PBXFileReference; lastKnownFileType = sourcecode.swift; path = _0200716_JacobHaff_NYCSchoolsUITests.swift; sourceTree = "<group>"; };
		35CDCB1724C0FCDB003B6355 /* Info.plist */ = {isa = PBXFileReference; lastKnownFileType = text.plist.xml; path = Info.plist; sourceTree = "<group>"; };
		35CDCB2624C10308003B6355 /* Base */ = {isa = PBXFileReference; lastKnownFileType = file.storyboard; name = Base; path = Base.lproj/Main.storyboard; sourceTree = "<group>"; };
		35CDCB2C24C1081E003B6355 /* Assets.xcassets */ = {isa = PBXFileReference; lastKnownFileType = folder.assetcatalog; name = Assets.xcassets; path = "../../20200715-JacobHaff-NYCSchools/20200715-JacobHaff-NYCSchools/Assets.xcassets"; sourceTree = "<group>"; };
		35CDCB3024C12D49003B6355 /* NYCHSViewController.swift */ = {isa = PBXFileReference; fileEncoding = 4; lastKnownFileType = sourcecode.swift; path = NYCHSViewController.swift; sourceTree = "<group>"; };
		35CDCB3224C12E1A003B6355 /* Constants.swift */ = {isa = PBXFileReference; fileEncoding = 4; lastKnownFileType = sourcecode.swift; path = Constants.swift; sourceTree = "<group>"; };
		35CDCB3424C12E3F003B6355 /* NYCHighSchool.swift */ = {isa = PBXFileReference; fileEncoding = 4; lastKnownFileType = sourcecode.swift; path = NYCHighSchool.swift; sourceTree = "<group>"; };
		35CDCB3624C12E62003B6355 /* Utils.swift */ = {isa = PBXFileReference; fileEncoding = 4; lastKnownFileType = sourcecode.swift; path = Utils.swift; sourceTree = "<group>"; };
		35CDCB3B24C14347003B6355 /* README.md */ = {isa = PBXFileReference; lastKnownFileType = net.daringfireball.markdown; path = README.md; sourceTree = SOURCE_ROOT; };
		35CDCB3D24C4D402003B6355 /* Router.swift */ = {isa = PBXFileReference; lastKnownFileType = sourcecode.swift; path = Router.swift; sourceTree = "<group>"; };
		35CDCB3F24C4DC8C003B6355 /* ServiceLayer.swift */ = {isa = PBXFileReference; lastKnownFileType = sourcecode.swift; path = ServiceLayer.swift; sourceTree = "<group>"; };
		35CDCB4224C514BD003B6355 /* Extensions.swift */ = {isa = PBXFileReference; lastKnownFileType = sourcecode.swift; path = Extensions.swift; sourceTree = "<group>"; };
		35CDCB4424C5301D003B6355 /* SchoolCell.swift */ = {isa = PBXFileReference; lastKnownFileType = sourcecode.swift; path = SchoolCell.swift; sourceTree = "<group>"; };
		35CDCB4524C5301D003B6355 /* SchoolCell.xib */ = {isa = PBXFileReference; lastKnownFileType = file.xib; path = SchoolCell.xib; sourceTree = "<group>"; };
		35CDCB4824C542F0003B6355 /* DetailsViewController.swift */ = {isa = PBXFileReference; lastKnownFileType = sourcecode.swift; path = DetailsViewController.swift; sourceTree = "<group>"; };
		35CDCB4A24C544A3003B6355 /* HSOverviewTableViewCell.swift */ = {isa = PBXFileReference; lastKnownFileType = sourcecode.swift; path = HSOverviewTableViewCell.swift; sourceTree = "<group>"; };
		35CDCB4C24C544FC003B6355 /* HSContactTableViewCell.swift */ = {isa = PBXFileReference; lastKnownFileType = sourcecode.swift; path = HSContactTableViewCell.swift; sourceTree = "<group>"; };
		35CDCB4E24C545F7003B6355 /* HSNameTableViewCell.swift */ = {isa = PBXFileReference; lastKnownFileType = sourcecode.swift; path = HSNameTableViewCell.swift; sourceTree = "<group>"; };
		35CDCB5024C546BF003B6355 /* HSMapTableViewCell.swift */ = {isa = PBXFileReference; lastKnownFileType = sourcecode.swift; path = HSMapTableViewCell.swift; sourceTree = "<group>"; };
		35CDCB5224C55AB5003B6355 /* DetailCellsHelper.swift */ = {isa = PBXFileReference; lastKnownFileType = sourcecode.swift; path = DetailCellsHelper.swift; sourceTree = "<group>"; };
		35CDCB5424C5D7C6003B6355 /* HSSATScoresTableViewCell.swift */ = {isa = PBXFileReference; lastKnownFileType = sourcecode.swift; path = HSSATScoresTableViewCell.swift; sourceTree = "<group>"; };
/* End PBXFileReference section */

/* Begin PBXFrameworksBuildPhase section */
		35CDCAED24C0FCD8003B6355 /* Frameworks */ = {
			isa = PBXFrameworksBuildPhase;
			buildActionMask = 2147483647;
			files = (
			);
			runOnlyForDeploymentPostprocessing = 0;
		};
		35CDCB0324C0FCDA003B6355 /* Frameworks */ = {
			isa = PBXFrameworksBuildPhase;
			buildActionMask = 2147483647;
			files = (
			);
			runOnlyForDeploymentPostprocessing = 0;
		};
		35CDCB0E24C0FCDB003B6355 /* Frameworks */ = {
			isa = PBXFrameworksBuildPhase;
			buildActionMask = 2147483647;
			files = (
			);
			runOnlyForDeploymentPostprocessing = 0;
		};
/* End PBXFrameworksBuildPhase section */

/* Begin PBXGroup section */
		35CDCAE724C0FCD8003B6355 = {
			isa = PBXGroup;
			children = (
				35CDCB3B24C14347003B6355 /* README.md */,
				35CDCAF224C0FCD8003B6355 /* 20200716-JacobHaff-NYCSchools */,
				35CDCB0924C0FCDB003B6355 /* 20200716-JacobHaff-NYCSchoolsTests */,
				35CDCB1424C0FCDB003B6355 /* 20200716-JacobHaff-NYCSchoolsUITests */,
				35CDCAF124C0FCD8003B6355 /* Products */,
			);
			sourceTree = "<group>";
		};
		35CDCAF124C0FCD8003B6355 /* Products */ = {
			isa = PBXGroup;
			children = (
				35CDCAF024C0FCD8003B6355 /* 20200716-JacobHaff-NYCSchools.app */,
				35CDCB0624C0FCDB003B6355 /* 20200716-JacobHaff-NYCSchoolsTests.xctest */,
				35CDCB1124C0FCDB003B6355 /* 20200716-JacobHaff-NYCSchoolsUITests.xctest */,
			);
			name = Products;
			sourceTree = "<group>";
		};
		35CDCAF224C0FCD8003B6355 /* 20200716-JacobHaff-NYCSchools */ = {
			isa = PBXGroup;
			children = (
				35CDCB4124C514A5003B6355 /* Extensions */,
				35CDCB3C24C4D3E3003B6355 /* API */,
				35CDCB3A24C140D0003B6355 /* Controller */,
				35CDCB3924C140C9003B6355 /* View */,
				35CDCB3824C140C3003B6355 /* Model */,
				35CDCAF324C0FCD8003B6355 /* AppDelegate.swift */,
				35CDCAF524C0FCD8003B6355 /* SceneDelegate.swift */,
				35CDCB3224C12E1A003B6355 /* Constants.swift */,
				35CDCB2C24C1081E003B6355 /* Assets.xcassets */,
				35CDCAFE24C0FCDA003B6355 /* LaunchScreen.storyboard */,
				35CDCB3624C12E62003B6355 /* Utils.swift */,
				35CDCB5224C55AB5003B6355 /* DetailCellsHelper.swift */,
				35CDCB0124C0FCDA003B6355 /* Info.plist */,
			);
			path = "20200716-JacobHaff-NYCSchools";
			sourceTree = "<group>";
		};
		35CDCB0924C0FCDB003B6355 /* 20200716-JacobHaff-NYCSchoolsTests */ = {
			isa = PBXGroup;
			children = (
				35CDCB0A24C0FCDB003B6355 /* _0200716_JacobHaff_NYCSchoolsTests.swift */,
				35CDCB0C24C0FCDB003B6355 /* Info.plist */,
			);
			path = "20200716-JacobHaff-NYCSchoolsTests";
			sourceTree = "<group>";
		};
		35CDCB1424C0FCDB003B6355 /* 20200716-JacobHaff-NYCSchoolsUITests */ = {
			isa = PBXGroup;
			children = (
				35CDCB1524C0FCDB003B6355 /* _0200716_JacobHaff_NYCSchoolsUITests.swift */,
				35CDCB1724C0FCDB003B6355 /* Info.plist */,
			);
			path = "20200716-JacobHaff-NYCSchoolsUITests";
			sourceTree = "<group>";
		};
		35CDCB3824C140C3003B6355 /* Model */ = {
			isa = PBXGroup;
			children = (
				35CDCB3424C12E3F003B6355 /* NYCHighSchool.swift */,
			);
			path = Model;
			sourceTree = "<group>";
		};
		35CDCB3924C140C9003B6355 /* View */ = {
			isa = PBXGroup;
			children = (
				35CDCB2524C10308003B6355 /* Main.storyboard */,
				35CDCB5424C5D7C6003B6355 /* HSSATScoresTableViewCell.swift */,
				35CDCB5024C546BF003B6355 /* HSMapTableViewCell.swift */,
				35CDCB4E24C545F7003B6355 /* HSNameTableViewCell.swift */,
				35CDCB4A24C544A3003B6355 /* HSOverviewTableViewCell.swift */,
				35CDCB4C24C544FC003B6355 /* HSContactTableViewCell.swift */,
				35CDCB4424C5301D003B6355 /* SchoolCell.swift */,
				35CDCB4524C5301D003B6355 /* SchoolCell.xib */,
			);
			path = View;
			sourceTree = "<group>";
		};
		35CDCB3A24C140D0003B6355 /* Controller */ = {
			isa = PBXGroup;
			children = (
				35CDCB4824C542F0003B6355 /* DetailsViewController.swift */,
				35CDCB3024C12D49003B6355 /* NYCHSViewController.swift */,
			);
			path = Controller;
			sourceTree = "<group>";
		};
		35CDCB3C24C4D3E3003B6355 /* API */ = {
			isa = PBXGroup;
			children = (
				35CDCB3D24C4D402003B6355 /* Router.swift */,
				35CDCB3F24C4DC8C003B6355 /* ServiceLayer.swift */,
			);
			path = API;
			sourceTree = "<group>";
		};
		35CDCB4124C514A5003B6355 /* Extensions */ = {
			isa = PBXGroup;
			children = (
				35CDCB4224C514BD003B6355 /* Extensions.swift */,
			);
			path = Extensions;
			sourceTree = "<group>";
		};
/* End PBXGroup section */

/* Begin PBXNativeTarget section */
		35CDCAEF24C0FCD8003B6355 /* 20200716-JacobHaff-NYCSchools */ = {
			isa = PBXNativeTarget;
			buildConfigurationList = 35CDCB1A24C0FCDB003B6355 /* Build configuration list for PBXNativeTarget "20200716-JacobHaff-NYCSchools" */;
			buildPhases = (
				35CDCAEC24C0FCD8003B6355 /* Sources */,
				35CDCAED24C0FCD8003B6355 /* Frameworks */,
				35CDCAEE24C0FCD8003B6355 /* Resources */,
			);
			buildRules = (
			);
			dependencies = (
			);
			name = "20200716-JacobHaff-NYCSchools";
			productName = "20200716-JacobHaff-NYCSchools";
			productReference = 35CDCAF024C0FCD8003B6355 /* 20200716-JacobHaff-NYCSchools.app */;
			productType = "com.apple.product-type.application";
		};
		35CDCB0524C0FCDA003B6355 /* 20200716-JacobHaff-NYCSchoolsTests */ = {
			isa = PBXNativeTarget;
			buildConfigurationList = 35CDCB1D24C0FCDB003B6355 /* Build configuration list for PBXNativeTarget "20200716-JacobHaff-NYCSchoolsTests" */;
			buildPhases = (
				35CDCB0224C0FCDA003B6355 /* Sources */,
				35CDCB0324C0FCDA003B6355 /* Frameworks */,
				35CDCB0424C0FCDA003B6355 /* Resources */,
			);
			buildRules = (
			);
			dependencies = (
				35CDCB0824C0FCDB003B6355 /* PBXTargetDependency */,
			);
			name = "20200716-JacobHaff-NYCSchoolsTests";
			productName = "20200716-JacobHaff-NYCSchoolsTests";
			productReference = 35CDCB0624C0FCDB003B6355 /* 20200716-JacobHaff-NYCSchoolsTests.xctest */;
			productType = "com.apple.product-type.bundle.unit-test";
		};
		35CDCB1024C0FCDB003B6355 /* 20200716-JacobHaff-NYCSchoolsUITests */ = {
			isa = PBXNativeTarget;
			buildConfigurationList = 35CDCB2024C0FCDB003B6355 /* Build configuration list for PBXNativeTarget "20200716-JacobHaff-NYCSchoolsUITests" */;
			buildPhases = (
				35CDCB0D24C0FCDB003B6355 /* Sources */,
				35CDCB0E24C0FCDB003B6355 /* Frameworks */,
				35CDCB0F24C0FCDB003B6355 /* Resources */,
			);
			buildRules = (
			);
			dependencies = (
				35CDCB1324C0FCDB003B6355 /* PBXTargetDependency */,
			);
			name = "20200716-JacobHaff-NYCSchoolsUITests";
			productName = "20200716-JacobHaff-NYCSchoolsUITests";
			productReference = 35CDCB1124C0FCDB003B6355 /* 20200716-JacobHaff-NYCSchoolsUITests.xctest */;
			productType = "com.apple.product-type.bundle.ui-testing";
		};
/* End PBXNativeTarget section */

/* Begin PBXProject section */
		35CDCAE824C0FCD8003B6355 /* Project object */ = {
			isa = PBXProject;
			attributes = {
				LastSwiftUpdateCheck = 1150;
				LastUpgradeCheck = 1150;
				ORGANIZATIONNAME = "Jacob Haff";
				TargetAttributes = {
					35CDCAEF24C0FCD8003B6355 = {
						CreatedOnToolsVersion = 11.5;
					};
					35CDCB0524C0FCDA003B6355 = {
						CreatedOnToolsVersion = 11.5;
						TestTargetID = 35CDCAEF24C0FCD8003B6355;
					};
					35CDCB1024C0FCDB003B6355 = {
						CreatedOnToolsVersion = 11.5;
						TestTargetID = 35CDCAEF24C0FCD8003B6355;
					};
				};
			};
			buildConfigurationList = 35CDCAEB24C0FCD8003B6355 /* Build configuration list for PBXProject "20200716-JacobHaff-NYCSchools" */;
			compatibilityVersion = "Xcode 9.3";
			developmentRegion = en;
			hasScannedForEncodings = 0;
			knownRegions = (
				en,
				Base,
			);
			mainGroup = 35CDCAE724C0FCD8003B6355;
			productRefGroup = 35CDCAF124C0FCD8003B6355 /* Products */;
			projectDirPath = "";
			projectRoot = "";
			targets = (
				35CDCAEF24C0FCD8003B6355 /* 20200716-JacobHaff-NYCSchools */,
				35CDCB0524C0FCDA003B6355 /* 20200716-JacobHaff-NYCSchoolsTests */,
				35CDCB1024C0FCDB003B6355 /* 20200716-JacobHaff-NYCSchoolsUITests */,
			);
		};
/* End PBXProject section */

/* Begin PBXResourcesBuildPhase section */
		35CDCAEE24C0FCD8003B6355 /* Resources */ = {
			isa = PBXResourcesBuildPhase;
			buildActionMask = 2147483647;
			files = (
				35CDCB2724C10308003B6355 /* Main.storyboard in Resources */,
				35CDCB0024C0FCDA003B6355 /* LaunchScreen.storyboard in Resources */,
				35CDCB4724C5301D003B6355 /* SchoolCell.xib in Resources */,
				35CDCB2D24C1081E003B6355 /* Assets.xcassets in Resources */,
			);
			runOnlyForDeploymentPostprocessing = 0;
		};
		35CDCB0424C0FCDA003B6355 /* Resources */ = {
			isa = PBXResourcesBuildPhase;
			buildActionMask = 2147483647;
			files = (
			);
			runOnlyForDeploymentPostprocessing = 0;
		};
		35CDCB0F24C0FCDB003B6355 /* Resources */ = {
			isa = PBXResourcesBuildPhase;
			buildActionMask = 2147483647;
			files = (
			);
			runOnlyForDeploymentPostprocessing = 0;
		};
/* End PBXResourcesBuildPhase section */

/* Begin PBXSourcesBuildPhase section */
		35CDCAEC24C0FCD8003B6355 /* Sources */ = {
			isa = PBXSourcesBuildPhase;
			buildActionMask = 2147483647;
			files = (
				35CDCB4F24C545F7003B6355 /* HSNameTableViewCell.swift in Sources */,
				35CDCB3E24C4D402003B6355 /* Router.swift in Sources */,
				35CDCB3124C12D49003B6355 /* NYCHSViewController.swift in Sources */,
				35CDCB5324C55AB5003B6355 /* DetailCellsHelper.swift in Sources */,
				35CDCB5524C5D7C6003B6355 /* HSSATScoresTableViewCell.swift in Sources */,
				35CDCB3324C12E1A003B6355 /* Constants.swift in Sources */,
				35CDCB4D24C544FC003B6355 /* HSContactTableViewCell.swift in Sources */,
				35CDCB4624C5301D003B6355 /* SchoolCell.swift in Sources */,
				35CDCAF424C0FCD8003B6355 /* AppDelegate.swift in Sources */,
				35CDCB3724C12E62003B6355 /* Utils.swift in Sources */,
				35CDCB4324C514BD003B6355 /* Extensions.swift in Sources */,
				35CDCAF624C0FCD8003B6355 /* SceneDelegate.swift in Sources */,
				35CDCB3524C12E3F003B6355 /* NYCHighSchool.swift in Sources */,
				35CDCB4B24C544A3003B6355 /* HSOverviewTableViewCell.swift in Sources */,
				35CDCB4024C4DC8C003B6355 /* ServiceLayer.swift in Sources */,
				35CDCB4924C542F0003B6355 /* DetailsViewController.swift in Sources */,
				35CDCB5124C546BF003B6355 /* HSMapTableViewCell.swift in Sources */,
			);
			runOnlyForDeploymentPostprocessing = 0;
		};
		35CDCB0224C0FCDA003B6355 /* Sources */ = {
			isa = PBXSourcesBuildPhase;
			buildActionMask = 2147483647;
			files = (
				35CDCB0B24C0FCDB003B6355 /* _0200716_JacobHaff_NYCSchoolsTests.swift in Sources */,
			);
			runOnlyForDeploymentPostprocessing = 0;
		};
		35CDCB0D24C0FCDB003B6355 /* Sources */ = {
			isa = PBXSourcesBuildPhase;
			buildActionMask = 2147483647;
			files = (
				35CDCB1624C0FCDB003B6355 /* _0200716_JacobHaff_NYCSchoolsUITests.swift in Sources */,
			);
			runOnlyForDeploymentPostprocessing = 0;
		};
/* End PBXSourcesBuildPhase section */

/* Begin PBXTargetDependency section */
		35CDCB0824C0FCDB003B6355 /* PBXTargetDependency */ = {
			isa = PBXTargetDependency;
			target = 35CDCAEF24C0FCD8003B6355 /* 20200716-JacobHaff-NYCSchools */;
			targetProxy = 35CDCB0724C0FCDB003B6355 /* PBXContainerItemProxy */;
		};
		35CDCB1324C0FCDB003B6355 /* PBXTargetDependency */ = {
			isa = PBXTargetDependency;
			target = 35CDCAEF24C0FCD8003B6355 /* 20200716-JacobHaff-NYCSchools */;
			targetProxy = 35CDCB1224C0FCDB003B6355 /* PBXContainerItemProxy */;
		};
/* End PBXTargetDependency section */

/* Begin PBXVariantGroup section */
		35CDCAFE24C0FCDA003B6355 /* LaunchScreen.storyboard */ = {
			isa = PBXVariantGroup;
			children = (
				35CDCAFF24C0FCDA003B6355 /* Base */,
			);
			name = LaunchScreen.storyboard;
			sourceTree = "<group>";
		};
		35CDCB2524C10308003B6355 /* Main.storyboard */ = {
			isa = PBXVariantGroup;
			children = (
				35CDCB2624C10308003B6355 /* Base */,
			);
			name = Main.storyboard;
			sourceTree = "<group>";
		};
/* End PBXVariantGroup section */

/* Begin XCBuildConfiguration section */
		35CDCB1824C0FCDB003B6355 /* Debug */ = {
			isa = XCBuildConfiguration;
			buildSettings = {
				ALWAYS_SEARCH_USER_PATHS = NO;
				CLANG_ANALYZER_NONNULL = YES;
				CLANG_ANALYZER_NUMBER_OBJECT_CONVERSION = YES_AGGRESSIVE;
				CLANG_CXX_LANGUAGE_STANDARD = "gnu++14";
				CLANG_CXX_LIBRARY = "libc++";
				CLANG_ENABLE_MODULES = YES;
				CLANG_ENABLE_OBJC_ARC = YES;
				CLANG_ENABLE_OBJC_WEAK = YES;
				CLANG_WARN_BLOCK_CAPTURE_AUTORELEASING = YES;
				CLANG_WARN_BOOL_CONVERSION = YES;
				CLANG_WARN_COMMA = YES;
				CLANG_WARN_CONSTANT_CONVERSION = YES;
				CLANG_WARN_DEPRECATED_OBJC_IMPLEMENTATIONS = YES;
				CLANG_WARN_DIRECT_OBJC_ISA_USAGE = YES_ERROR;
				CLANG_WARN_DOCUMENTATION_COMMENTS = YES;
				CLANG_WARN_EMPTY_BODY = YES;
				CLANG_WARN_ENUM_CONVERSION = YES;
				CLANG_WARN_INFINITE_RECURSION = YES;
				CLANG_WARN_INT_CONVERSION = YES;
				CLANG_WARN_NON_LITERAL_NULL_CONVERSION = YES;
				CLANG_WARN_OBJC_IMPLICIT_RETAIN_SELF = YES;
				CLANG_WARN_OBJC_LITERAL_CONVERSION = YES;
				CLANG_WARN_OBJC_ROOT_CLASS = YES_ERROR;
				CLANG_WARN_RANGE_LOOP_ANALYSIS = YES;
				CLANG_WARN_STRICT_PROTOTYPES = YES;
				CLANG_WARN_SUSPICIOUS_MOVE = YES;
				CLANG_WARN_UNGUARDED_AVAILABILITY = YES_AGGRESSIVE;
				CLANG_WARN_UNREACHABLE_CODE = YES;
				CLANG_WARN__DUPLICATE_METHOD_MATCH = YES;
				COPY_PHASE_STRIP = NO;
				DEBUG_INFORMATION_FORMAT = dwarf;
				ENABLE_STRICT_OBJC_MSGSEND = YES;
				ENABLE_TESTABILITY = YES;
				GCC_C_LANGUAGE_STANDARD = gnu11;
				GCC_DYNAMIC_NO_PIC = NO;
				GCC_NO_COMMON_BLOCKS = YES;
				GCC_OPTIMIZATION_LEVEL = 0;
				GCC_PREPROCESSOR_DEFINITIONS = (
					"DEBUG=1",
					"$(inherited)",
				);
				GCC_WARN_64_TO_32_BIT_CONVERSION = YES;
				GCC_WARN_ABOUT_RETURN_TYPE = YES_ERROR;
				GCC_WARN_UNDECLARED_SELECTOR = YES;
				GCC_WARN_UNINITIALIZED_AUTOS = YES_AGGRESSIVE;
				GCC_WARN_UNUSED_FUNCTION = YES;
				GCC_WARN_UNUSED_VARIABLE = YES;
				IPHONEOS_DEPLOYMENT_TARGET = 13.5;
				MTL_ENABLE_DEBUG_INFO = INCLUDE_SOURCE;
				MTL_FAST_MATH = YES;
				ONLY_ACTIVE_ARCH = YES;
				SDKROOT = iphoneos;
				SWIFT_ACTIVE_COMPILATION_CONDITIONS = DEBUG;
				SWIFT_OPTIMIZATION_LEVEL = "-Onone";
			};
			name = Debug;
		};
		35CDCB1924C0FCDB003B6355 /* Release */ = {
			isa = XCBuildConfiguration;
			buildSettings = {
				ALWAYS_SEARCH_USER_PATHS = NO;
				CLANG_ANALYZER_NONNULL = YES;
				CLANG_ANALYZER_NUMBER_OBJECT_CONVERSION = YES_AGGRESSIVE;
				CLANG_CXX_LANGUAGE_STANDARD = "gnu++14";
				CLANG_CXX_LIBRARY = "libc++";
				CLANG_ENABLE_MODULES = YES;
				CLANG_ENABLE_OBJC_ARC = YES;
				CLANG_ENABLE_OBJC_WEAK = YES;
				CLANG_WARN_BLOCK_CAPTURE_AUTORELEASING = YES;
				CLANG_WARN_BOOL_CONVERSION = YES;
				CLANG_WARN_COMMA = YES;
				CLANG_WARN_CONSTANT_CONVERSION = YES;
				CLANG_WARN_DEPRECATED_OBJC_IMPLEMENTATIONS = YES;
				CLANG_WARN_DIRECT_OBJC_ISA_USAGE = YES_ERROR;
				CLANG_WARN_DOCUMENTATION_COMMENTS = YES;
				CLANG_WARN_EMPTY_BODY = YES;
				CLANG_WARN_ENUM_CONVERSION = YES;
				CLANG_WARN_INFINITE_RECURSION = YES;
				CLANG_WARN_INT_CONVERSION = YES;
				CLANG_WARN_NON_LITERAL_NULL_CONVERSION = YES;
				CLANG_WARN_OBJC_IMPLICIT_RETAIN_SELF = YES;
				CLANG_WARN_OBJC_LITERAL_CONVERSION = YES;
				CLANG_WARN_OBJC_ROOT_CLASS = YES_ERROR;
				CLANG_WARN_RANGE_LOOP_ANALYSIS = YES;
				CLANG_WARN_STRICT_PROTOTYPES = YES;
				CLANG_WARN_SUSPICIOUS_MOVE = YES;
				CLANG_WARN_UNGUARDED_AVAILABILITY = YES_AGGRESSIVE;
				CLANG_WARN_UNREACHABLE_CODE = YES;
				CLANG_WARN__DUPLICATE_METHOD_MATCH = YES;
				COPY_PHASE_STRIP = NO;
				DEBUG_INFORMATION_FORMAT = "dwarf-with-dsym";
				ENABLE_NS_ASSERTIONS = NO;
				ENABLE_STRICT_OBJC_MSGSEND = YES;
				GCC_C_LANGUAGE_STANDARD = gnu11;
				GCC_NO_COMMON_BLOCKS = YES;
				GCC_WARN_64_TO_32_BIT_CONVERSION = YES;
				GCC_WARN_ABOUT_RETURN_TYPE = YES_ERROR;
				GCC_WARN_UNDECLARED_SELECTOR = YES;
				GCC_WARN_UNINITIALIZED_AUTOS = YES_AGGRESSIVE;
				GCC_WARN_UNUSED_FUNCTION = YES;
				GCC_WARN_UNUSED_VARIABLE = YES;
				IPHONEOS_DEPLOYMENT_TARGET = 13.5;
				MTL_ENABLE_DEBUG_INFO = NO;
				MTL_FAST_MATH = YES;
				SDKROOT = iphoneos;
				SWIFT_COMPILATION_MODE = wholemodule;
				SWIFT_OPTIMIZATION_LEVEL = "-O";
				VALIDATE_PRODUCT = YES;
			};
			name = Release;
		};
		35CDCB1B24C0FCDB003B6355 /* Debug */ = {
			isa = XCBuildConfiguration;
			buildSettings = {
				ASSETCATALOG_COMPILER_APPICON_NAME = AppIcon;
				CODE_SIGN_STYLE = Automatic;
				DEVELOPMENT_TEAM = 6NAGA2S5P2;
				INFOPLIST_FILE = "20200716-JacobHaff-NYCSchools/Info.plist";
				LD_RUNPATH_SEARCH_PATHS = (
					"$(inherited)",
					"@executable_path/Frameworks",
				);
				PRODUCT_BUNDLE_IDENTIFIER = "com.jacobhaff.-0200716-JacobHaff-NYCSchools";
				PRODUCT_NAME = "$(TARGET_NAME)";
				SWIFT_VERSION = 5.0;
				TARGETED_DEVICE_FAMILY = "1,2";
			};
			name = Debug;
		};
		35CDCB1C24C0FCDB003B6355 /* Release */ = {
			isa = XCBuildConfiguration;
			buildSettings = {
				ASSETCATALOG_COMPILER_APPICON_NAME = AppIcon;
				CODE_SIGN_STYLE = Automatic;
				DEVELOPMENT_TEAM = 6NAGA2S5P2;
				INFOPLIST_FILE = "20200716-JacobHaff-NYCSchools/Info.plist";
				LD_RUNPATH_SEARCH_PATHS = (
					"$(inherited)",
					"@executable_path/Frameworks",
				);
				PRODUCT_BUNDLE_IDENTIFIER = "com.jacobhaff.-0200716-JacobHaff-NYCSchools";
				PRODUCT_NAME = "$(TARGET_NAME)";
				SWIFT_VERSION = 5.0;
				TARGETED_DEVICE_FAMILY = "1,2";
			};
			name = Release;
		};
		35CDCB1E24C0FCDB003B6355 /* Debug */ = {
			isa = XCBuildConfiguration;
			buildSettings = {
				ALWAYS_EMBED_SWIFT_STANDARD_LIBRARIES = YES;
				BUNDLE_LOADER = "$(TEST_HOST)";
				CODE_SIGN_STYLE = Automatic;
				DEVELOPMENT_TEAM = 6NAGA2S5P2;
				INFOPLIST_FILE = "20200716-JacobHaff-NYCSchoolsTests/Info.plist";
				IPHONEOS_DEPLOYMENT_TARGET = 13.5;
				LD_RUNPATH_SEARCH_PATHS = (
					"$(inherited)",
					"@executable_path/Frameworks",
					"@loader_path/Frameworks",
				);
				PRODUCT_BUNDLE_IDENTIFIER = "com.jacobhaff.-0200716-JacobHaff-NYCSchoolsTests";
				PRODUCT_NAME = "$(TARGET_NAME)";
				SWIFT_VERSION = 5.0;
				TARGETED_DEVICE_FAMILY = "1,2";
				TEST_HOST = "$(BUILT_PRODUCTS_DIR)/20200716-JacobHaff-NYCSchools.app/20200716-JacobHaff-NYCSchools";
			};
			name = Debug;
		};
		35CDCB1F24C0FCDB003B6355 /* Release */ = {
			isa = XCBuildConfiguration;
			buildSettings = {
				ALWAYS_EMBED_SWIFT_STANDARD_LIBRARIES = YES;
				BUNDLE_LOADER = "$(TEST_HOST)";
				CODE_SIGN_STYLE = Automatic;
				DEVELOPMENT_TEAM = 6NAGA2S5P2;
				INFOPLIST_FILE = "20200716-JacobHaff-NYCSchoolsTests/Info.plist";
				IPHONEOS_DEPLOYMENT_TARGET = 13.5;
				LD_RUNPATH_SEARCH_PATHS = (
					"$(inherited)",
					"@executable_path/Frameworks",
					"@loader_path/Frameworks",
				);
				PRODUCT_BUNDLE_IDENTIFIER = "com.jacobhaff.-0200716-JacobHaff-NYCSchoolsTests";
				PRODUCT_NAME = "$(TARGET_NAME)";
				SWIFT_VERSION = 5.0;
				TARGETED_DEVICE_FAMILY = "1,2";
				TEST_HOST = "$(BUILT_PRODUCTS_DIR)/20200716-JacobHaff-NYCSchools.app/20200716-JacobHaff-NYCSchools";
			};
			name = Release;
		};
		35CDCB2124C0FCDB003B6355 /* Debug */ = {
			isa = XCBuildConfiguration;
			buildSettings = {
				ALWAYS_EMBED_SWIFT_STANDARD_LIBRARIES = YES;
				CODE_SIGN_STYLE = Automatic;
				DEVELOPMENT_TEAM = 6NAGA2S5P2;
				INFOPLIST_FILE = "20200716-JacobHaff-NYCSchoolsUITests/Info.plist";
				LD_RUNPATH_SEARCH_PATHS = (
					"$(inherited)",
					"@executable_path/Frameworks",
					"@loader_path/Frameworks",
				);
				PRODUCT_BUNDLE_IDENTIFIER = "com.jacobhaff.-0200716-JacobHaff-NYCSchoolsUITests";
				PRODUCT_NAME = "$(TARGET_NAME)";
				SWIFT_VERSION = 5.0;
				TARGETED_DEVICE_FAMILY = "1,2";
				TEST_TARGET_NAME = "20200716-JacobHaff-NYCSchools";
			};
			name = Debug;
		};
		35CDCB2224C0FCDB003B6355 /* Release */ = {
			isa = XCBuildConfiguration;
			buildSettings = {
				ALWAYS_EMBED_SWIFT_STANDARD_LIBRARIES = YES;
				CODE_SIGN_STYLE = Automatic;
				DEVELOPMENT_TEAM = 6NAGA2S5P2;
				INFOPLIST_FILE = "20200716-JacobHaff-NYCSchoolsUITests/Info.plist";
				LD_RUNPATH_SEARCH_PATHS = (
					"$(inherited)",
					"@executable_path/Frameworks",
					"@loader_path/Frameworks",
				);
				PRODUCT_BUNDLE_IDENTIFIER = "com.jacobhaff.-0200716-JacobHaff-NYCSchoolsUITests";
				PRODUCT_NAME = "$(TARGET_NAME)";
				SWIFT_VERSION = 5.0;
				TARGETED_DEVICE_FAMILY = "1,2";
				TEST_TARGET_NAME = "20200716-JacobHaff-NYCSchools";
			};
			name = Release;
		};
/* End XCBuildConfiguration section */

/* Begin XCConfigurationList section */
		35CDCAEB24C0FCD8003B6355 /* Build configuration list for PBXProject "20200716-JacobHaff-NYCSchools" */ = {
			isa = XCConfigurationList;
			buildConfigurations = (
				35CDCB1824C0FCDB003B6355 /* Debug */,
				35CDCB1924C0FCDB003B6355 /* Release */,
			);
			defaultConfigurationIsVisible = 0;
			defaultConfigurationName = Release;
		};
		35CDCB1A24C0FCDB003B6355 /* Build configuration list for PBXNativeTarget "20200716-JacobHaff-NYCSchools" */ = {
			isa = XCConfigurationList;
			buildConfigurations = (
				35CDCB1B24C0FCDB003B6355 /* Debug */,
				35CDCB1C24C0FCDB003B6355 /* Release */,
			);
			defaultConfigurationIsVisible = 0;
			defaultConfigurationName = Release;
		};
		35CDCB1D24C0FCDB003B6355 /* Build configuration list for PBXNativeTarget "20200716-JacobHaff-NYCSchoolsTests" */ = {
			isa = XCConfigurationList;
			buildConfigurations = (
				35CDCB1E24C0FCDB003B6355 /* Debug */,
				35CDCB1F24C0FCDB003B6355 /* Release */,
			);
			defaultConfigurationIsVisible = 0;
			defaultConfigurationName = Release;
		};
		35CDCB2024C0FCDB003B6355 /* Build configuration list for PBXNativeTarget "20200716-JacobHaff-NYCSchoolsUITests" */ = {
			isa = XCConfigurationList;
			buildConfigurations = (
				35CDCB2124C0FCDB003B6355 /* Debug */,
				35CDCB2224C0FCDB003B6355 /* Release */,
			);
			defaultConfigurationIsVisible = 0;
			defaultConfigurationName = Release;
		};
/* End XCConfigurationList section */
	};
	rootObject = 35CDCAE824C0FCD8003B6355 /* Project object */;
}
